
Microsoft Visual Studio Solution File, Format Version 12.00
# Visual Studio 15
VisualStudioVersion = 15.0.28010.2046
MinimumVisualStudioVersion = 10.0.40219.1
Project("{9A19103F-16F7-4668-BE54-9A1E7A4F7556}") = "DapperPantsStore", "DapperPantsStore\DapperPantsStore.csproj", "{7CC6C0CF-CFB6-4167-8710-16A9D5935287}"
EndProject
Project("{FAE04EC0-301F-11D3-BF4B-00C04F79EFBC}") = "DataLayer", "DataLayer\DataLayer.csproj", "{0F027881-7C1E-4810-B169-CCC07972288B}"
EndProject
Global
	GlobalSection(SolutionConfigurationPlatforms) = preSolution
		Debug|Any CPU = Debug|Any CPU
		Release|Any CPU = Release|Any CPU
	EndGlobalSection
	GlobalSection(ProjectConfigurationPlatforms) = postSolution
		{7CC6C0CF-CFB6-4167-8710-16A9D5935287}.Debug|Any CPU.ActiveCfg = Debug|Any CPU
		{7CC6C0CF-CFB6-4167-8710-16A9D5935287}.Debug|Any CPU.Build.0 = Debug|Any CPU
		{7CC6C0CF-CFB6-4167-8710-16A9D5935287}.Release|Any CPU.ActiveCfg = Release|Any CPU
		{7CC6C0CF-CFB6-4167-8710-16A9D5935287}.Release|Any CPU.Build.0 = Release|Any CPU
		{0F027881-7C1E-4810-B169-CCC07972288B}.Debug|Any CPU.ActiveCfg = Debug|Any CPU
		{0F027881-7C1E-4810-B169-CCC07972288B}.Debug|Any CPU.Build.0 = Debug|Any CPU
		{0F027881-7C1E-4810-B169-CCC07972288B}.Release|Any CPU.ActiveCfg = Release|Any CPU
		{0F027881-7C1E-4810-B169-CCC07972288B}.Release|Any CPU.Build.0 = Release|Any CPU
	EndGlobalSection
	GlobalSection(SolutionProperties) = preSolution
		HideSolutionNode = FALSE
	EndGlobalSection
	GlobalSection(ExtensibilityGlobals) = postSolution
		SolutionGuid = {BF6DF98D-43DA-4773-9D56-68168625D86E}
	EndGlobalSection
EndGlobal
